
Microsoft Visual Studio Solution File, Format Version 12.00
# Visual Studio Version 17
VisualStudioVersion = 17.13.35825.156 d17.13
MinimumVisualStudioVersion = 10.0.40219.1
Project("{FAE04EC0-301F-11D3-BF4B-00C04F79EFBC}") = "ChatBot-Ntwalo", "ChatBot-Ntwalo\ChatBot-Ntwalo.csproj", "{DB8C8C17-BA1C-4788-A641-9F077D0B6FB2}"
EndProject
Global
	GlobalSection(SolutionConfigurationPlatforms) = preSolution
		Debug|Any CPU = Debug|Any CPU
		Release|Any CPU = Release|Any CPU
	EndGlobalSection
	GlobalSection(ProjectConfigurationPlatforms) = postSolution
		{DB8C8C17-BA1C-4788-A641-9F077D0B6FB2}.Debug|Any CPU.ActiveCfg = Debug|Any CPU
		{DB8C8C17-BA1C-4788-A641-9F077D0B6FB2}.Debug|Any CPU.Build.0 = Debug|Any CPU
		{DB8C8C17-BA1C-4788-A641-9F077D0B6FB2}.Release|Any CPU.ActiveCfg = Release|Any CPU
		{DB8C8C17-BA1C-4788-A641-9F077D0B6FB2}.Release|Any CPU.Build.0 = Release|Any CPU
	EndGlobalSection
	GlobalSection(SolutionProperties) = preSolution
		HideSolutionNode = FALSE
	EndGlobalSection
	GlobalSection(ExtensibilityGlobals) = postSolution
		SolutionGuid = {9E2B2A47-D610-42A7-AFF1-90811B8B99B5}
	EndGlobalSection
EndGlobal
